
Microsoft Visual Studio Solution File, Format Version 12.00
# Visual Studio Version 17
VisualStudioVersion = 17.4.33213.308
MinimumVisualStudioVersion = 10.0.40219.1
Project("{2150E333-8FDC-42A3-9474-1A3956D46DE8}") = "src", "src", "{61626163-3A8D-46BE-9C3A-35496C68E04B}"
EndProject
Project("{9A19103F-16F7-4668-BE54-9A1E7A4F7556}") = "StorageAccounting.WebAPI", "src\StorageAccounting.WebAPI\StorageAccounting.WebAPI.csproj", "{BCA594DB-8E1D-4BF8-BD4A-CCB23C086C5A}"
EndProject
Project("{9A19103F-16F7-4668-BE54-9A1E7A4F7556}") = "StorageAccounting.Domain", "src\StorageAccounting.Domain\StorageAccounting.Domain.csproj", "{3C8961AC-1980-4869-B2E0-06EA9C6910B9}"
EndProject
Project("{9A19103F-16F7-4668-BE54-9A1E7A4F7556}") = "StorageAccounting.Application", "src\StorageAccounting.Application\StorageAccounting.Application.csproj", "{C254ECE9-F078-474A-A761-23460E7034E1}"
EndProject
Project("{9A19103F-16F7-4668-BE54-9A1E7A4F7556}") = "StorageAccounting.Database", "src\StorageAccounting.Database\StorageAccounting.Database.csproj", "{E9D0535C-974E-4F87-8FF1-3EBD30219DA6}"
EndProject
Project("{9A19103F-16F7-4668-BE54-9A1E7A4F7556}") = "StorageAccounting.Infrastructure", "src\StorageAccounting.Infrastructure\StorageAccounting.Infrastructure.csproj", "{42B2CE26-4FC6-4C59-BB1C-2BA5F66E6008}"
EndProject
Project("{2150E333-8FDC-42A3-9474-1A3956D46DE8}") = "tests", "tests", "{F384388B-A6C2-4D1C-960E-08DDF49E1DD4}"
EndProject
Project("{2150E333-8FDC-42A3-9474-1A3956D46DE8}") = "unit", "unit", "{C87B8A02-4825-4F0E-A2B7-F900E6049E6E}"
EndProject
Project("{FAE04EC0-301F-11D3-BF4B-00C04F79EFBC}") = "StorageAccounting.Database.Tests", "tests\unit\StorageAccounting.Database.Tests\StorageAccounting.Database.Tests.csproj", "{6882CB83-2271-435C-9492-3737DF9A9757}"
EndProject
Project("{FAE04EC0-301F-11D3-BF4B-00C04F79EFBC}") = "StorageAccounting.Infrastructure.Tests", "tests\unit\StorageAccounting.Infrastructure.Tests\StorageAccounting.Infrastructure.Tests.csproj", "{384D5AF8-424C-454B-A080-3E6B30A6C0C1}"
EndProject
Project("{FAE04EC0-301F-11D3-BF4B-00C04F79EFBC}") = "StorageAccounting.WebAPI.Tests", "tests\unit\StorageAccounting.WebAPI.Tests\StorageAccounting.WebAPI.Tests.csproj", "{A5F37190-9AB2-4C55-BB6D-7526E5C5B92C}"
EndProject
Global
	GlobalSection(SolutionConfigurationPlatforms) = preSolution
		Debug|Any CPU = Debug|Any CPU
		Release|Any CPU = Release|Any CPU
	EndGlobalSection
	GlobalSection(ProjectConfigurationPlatforms) = postSolution
		{BCA594DB-8E1D-4BF8-BD4A-CCB23C086C5A}.Debug|Any CPU.ActiveCfg = Debug|Any CPU
		{BCA594DB-8E1D-4BF8-BD4A-CCB23C086C5A}.Debug|Any CPU.Build.0 = Debug|Any CPU
		{BCA594DB-8E1D-4BF8-BD4A-CCB23C086C5A}.Release|Any CPU.ActiveCfg = Release|Any CPU
		{BCA594DB-8E1D-4BF8-BD4A-CCB23C086C5A}.Release|Any CPU.Build.0 = Release|Any CPU
		{3C8961AC-1980-4869-B2E0-06EA9C6910B9}.Debug|Any CPU.ActiveCfg = Debug|Any CPU
		{3C8961AC-1980-4869-B2E0-06EA9C6910B9}.Debug|Any CPU.Build.0 = Debug|Any CPU
		{3C8961AC-1980-4869-B2E0-06EA9C6910B9}.Release|Any CPU.ActiveCfg = Release|Any CPU
		{3C8961AC-1980-4869-B2E0-06EA9C6910B9}.Release|Any CPU.Build.0 = Release|Any CPU
		{C254ECE9-F078-474A-A761-23460E7034E1}.Debug|Any CPU.ActiveCfg = Debug|Any CPU
		{C254ECE9-F078-474A-A761-23460E7034E1}.Debug|Any CPU.Build.0 = Debug|Any CPU
		{C254ECE9-F078-474A-A761-23460E7034E1}.Release|Any CPU.ActiveCfg = Release|Any CPU
		{C254ECE9-F078-474A-A761-23460E7034E1}.Release|Any CPU.Build.0 = Release|Any CPU
		{E9D0535C-974E-4F87-8FF1-3EBD30219DA6}.Debug|Any CPU.ActiveCfg = Debug|Any CPU
		{E9D0535C-974E-4F87-8FF1-3EBD30219DA6}.Debug|Any CPU.Build.0 = Debug|Any CPU
		{E9D0535C-974E-4F87-8FF1-3EBD30219DA6}.Release|Any CPU.ActiveCfg = Release|Any CPU
		{E9D0535C-974E-4F87-8FF1-3EBD30219DA6}.Release|Any CPU.Build.0 = Release|Any CPU
		{42B2CE26-4FC6-4C59-BB1C-2BA5F66E6008}.Debug|Any CPU.ActiveCfg = Debug|Any CPU
		{42B2CE26-4FC6-4C59-BB1C-2BA5F66E6008}.Debug|Any CPU.Build.0 = Debug|Any CPU
		{42B2CE26-4FC6-4C59-BB1C-2BA5F66E6008}.Release|Any CPU.ActiveCfg = Release|Any CPU
		{42B2CE26-4FC6-4C59-BB1C-2BA5F66E6008}.Release|Any CPU.Build.0 = Release|Any CPU
		{6882CB83-2271-435C-9492-3737DF9A9757}.Debug|Any CPU.ActiveCfg = Debug|Any CPU
		{6882CB83-2271-435C-9492-3737DF9A9757}.Debug|Any CPU.Build.0 = Debug|Any CPU
		{6882CB83-2271-435C-9492-3737DF9A9757}.Release|Any CPU.ActiveCfg = Release|Any CPU
		{6882CB83-2271-435C-9492-3737DF9A9757}.Release|Any CPU.Build.0 = Release|Any CPU
		{384D5AF8-424C-454B-A080-3E6B30A6C0C1}.Debug|Any CPU.ActiveCfg = Debug|Any CPU
		{384D5AF8-424C-454B-A080-3E6B30A6C0C1}.Debug|Any CPU.Build.0 = Debug|Any CPU
		{384D5AF8-424C-454B-A080-3E6B30A6C0C1}.Release|Any CPU.ActiveCfg = Release|Any CPU
		{384D5AF8-424C-454B-A080-3E6B30A6C0C1}.Release|Any CPU.Build.0 = Release|Any CPU
		{A5F37190-9AB2-4C55-BB6D-7526E5C5B92C}.Debug|Any CPU.ActiveCfg = Debug|Any CPU
		{A5F37190-9AB2-4C55-BB6D-7526E5C5B92C}.Debug|Any CPU.Build.0 = Debug|Any CPU
		{A5F37190-9AB2-4C55-BB6D-7526E5C5B92C}.Release|Any CPU.ActiveCfg = Release|Any CPU
		{A5F37190-9AB2-4C55-BB6D-7526E5C5B92C}.Release|Any CPU.Build.0 = Release|Any CPU
	EndGlobalSection
	GlobalSection(SolutionProperties) = preSolution
		HideSolutionNode = FALSE
	EndGlobalSection
	GlobalSection(NestedProjects) = preSolution
		{BCA594DB-8E1D-4BF8-BD4A-CCB23C086C5A} = {61626163-3A8D-46BE-9C3A-35496C68E04B}
		{3C8961AC-1980-4869-B2E0-06EA9C6910B9} = {61626163-3A8D-46BE-9C3A-35496C68E04B}
		{C254ECE9-F078-474A-A761-23460E7034E1} = {61626163-3A8D-46BE-9C3A-35496C68E04B}
		{E9D0535C-974E-4F87-8FF1-3EBD30219DA6} = {61626163-3A8D-46BE-9C3A-35496C68E04B}
		{42B2CE26-4FC6-4C59-BB1C-2BA5F66E6008} = {61626163-3A8D-46BE-9C3A-35496C68E04B}
		{C87B8A02-4825-4F0E-A2B7-F900E6049E6E} = {F384388B-A6C2-4D1C-960E-08DDF49E1DD4}
		{6882CB83-2271-435C-9492-3737DF9A9757} = {C87B8A02-4825-4F0E-A2B7-F900E6049E6E}
		{384D5AF8-424C-454B-A080-3E6B30A6C0C1} = {C87B8A02-4825-4F0E-A2B7-F900E6049E6E}
		{A5F37190-9AB2-4C55-BB6D-7526E5C5B92C} = {C87B8A02-4825-4F0E-A2B7-F900E6049E6E}
	EndGlobalSection
	GlobalSection(ExtensibilityGlobals) = postSolution
		SolutionGuid = {2C35B55A-F330-44CF-A494-A93D264B09EC}
	EndGlobalSection
EndGlobal
